// !$*UTF8*$!
{
	archiveVersion = 1;
	classes = {
	};
	objectVersion = 46;
	objects = {

/* Begin PBXBuildFile section */
		14C54CB11DE6349E008AB109 /* main.m in Sources */ = {isa = PBXBuildFile; fileRef = 14C54CB01DE6349E008AB109 /* main.m */; };
		14C54CB41DE6349E008AB109 /* AppDelegate.m in Sources */ = {isa = PBXBuildFile; fileRef = 14C54CB31DE6349E008AB109 /* AppDelegate.m */; };
		14C54CB71DE6349E008AB109 /* EveryDoAgain.xcdatamodeld in Sources */ = {isa = PBXBuildFile; fileRef = 14C54CB51DE6349E008AB109 /* EveryDoAgain.xcdatamodeld */; };
		14C54CBA1DE6349E008AB109 /* MasterViewController.m in Sources */ = {isa = PBXBuildFile; fileRef = 14C54CB91DE6349E008AB109 /* MasterViewController.m */; };
		14C54CBD1DE6349E008AB109 /* DetailViewController.m in Sources */ = {isa = PBXBuildFile; fileRef = 14C54CBC1DE6349E008AB109 /* DetailViewController.m */; };
		14C54CC01DE6349E008AB109 /* Main.storyboard in Resources */ = {isa = PBXBuildFile; fileRef = 14C54CBE1DE6349E008AB109 /* Main.storyboard */; };
		14C54CC21DE6349E008AB109 /* Assets.xcassets in Resources */ = {isa = PBXBuildFile; fileRef = 14C54CC11DE6349E008AB109 /* Assets.xcassets */; };
		14C54CC51DE6349F008AB109 /* LaunchScreen.storyboard in Resources */ = {isa = PBXBuildFile; fileRef = 14C54CC31DE6349F008AB109 /* LaunchScreen.storyboard */; };
/* End PBXBuildFile section */

/* Begin PBXFileReference section */
		14C54CAC1DE6349E008AB109 /* EveryDoAgain.app */ = {isa = PBXFileReference; explicitFileType = wrapper.application; includeInIndex = 0; path = EveryDoAgain.app; sourceTree = BUILT_PRODUCTS_DIR; };
		14C54CB01DE6349E008AB109 /* main.m */ = {isa = PBXFileReference; lastKnownFileType = sourcecode.c.objc; path = main.m; sourceTree = "<group>"; };
		14C54CB21DE6349E008AB109 /* AppDelegate.h */ = {isa = PBXFileReference; lastKnownFileType = sourcecode.c.h; path = AppDelegate.h; sourceTree = "<group>"; };
		14C54CB31DE6349E008AB109 /* AppDelegate.m */ = {isa = PBXFileReference; lastKnownFileType = sourcecode.c.objc; path = AppDelegate.m; sourceTree = "<group>"; };
		14C54CB61DE6349E008AB109 /* EveryDoAgain.xcdatamodel */ = {isa = PBXFileReference; lastKnownFileType = wrapper.xcdatamodel; path = EveryDoAgain.xcdatamodel; sourceTree = "<group>"; };
		14C54CB81DE6349E008AB109 /* MasterViewController.h */ = {isa = PBXFileReference; lastKnownFileType = sourcecode.c.h; path = MasterViewController.h; sourceTree = "<group>"; };
		14C54CB91DE6349E008AB109 /* MasterViewController.m */ = {isa = PBXFileReference; lastKnownFileType = sourcecode.c.objc; path = MasterViewController.m; sourceTree = "<group>"; };
		14C54CBB1DE6349E008AB109 /* DetailViewController.h */ = {isa = PBXFileReference; lastKnownFileType = sourcecode.c.h; path = DetailViewController.h; sourceTree = "<group>"; };
		14C54CBC1DE6349E008AB109 /* DetailViewController.m */ = {isa = PBXFileReference; lastKnownFileType = sourcecode.c.objc; path = DetailViewController.m; sourceTree = "<group>"; };
		14C54CBF1DE6349E008AB109 /* Base */ = {isa = PBXFileReference; lastKnownFileType = file.storyboard; name = Base; path = Base.lproj/Main.storyboard; sourceTree = "<group>"; };
		14C54CC11DE6349E008AB109 /* Assets.xcassets */ = {isa = PBXFileReference; lastKnownFileType = folder.assetcatalog; path = Assets.xcassets; sourceTree = "<group>"; };
		14C54CC41DE6349F008AB109 /* Base */ = {isa = PBXFileReference; lastKnownFileType = file.storyboard; name = Base; path = Base.lproj/LaunchScreen.storyboard; sourceTree = "<group>"; };
		14C54CC61DE6349F008AB109 /* Info.plist */ = {isa = PBXFileReference; lastKnownFileType = text.plist.xml; path = Info.plist; sourceTree = "<group>"; };
/* End PBXFileReference section */

/* Begin PBXFrameworksBuildPhase section */
		14C54CA91DE6349E008AB109 /* Frameworks */ = {
			isa = PBXFrameworksBuildPhase;
			buildActionMask = 2147483647;
			files = (
			);
			runOnlyForDeploymentPostprocessing = 0;
		};
/* End PBXFrameworksBuildPhase section */

/* Begin PBXGroup section */
		14C54CA31DE6349E008AB109 = {
			isa = PBXGroup;
			children = (
				14C54CAE1DE6349E008AB109 /* EveryDoAgain */,
				14C54CAD1DE6349E008AB109 /* Products */,
			);
			sourceTree = "<group>";
		};
		14C54CAD1DE6349E008AB109 /* Products */ = {
			isa = PBXGroup;
			children = (
				14C54CAC1DE6349E008AB109 /* EveryDoAgain.app */,
			);
			name = Products;
			sourceTree = "<group>";
		};
		14C54CAE1DE6349E008AB109 /* EveryDoAgain */ = {
			isa = PBXGroup;
			children = (
				14C54CB21DE6349E008AB109 /* AppDelegate.h */,
				14C54CB31DE6349E008AB109 /* AppDelegate.m */,
				14C54CB81DE6349E008AB109 /* MasterViewController.h */,
				14C54CB91DE6349E008AB109 /* MasterViewController.m */,
				14C54CBB1DE6349E008AB109 /* DetailViewController.h */,
				14C54CBC1DE6349E008AB109 /* DetailViewController.m */,
				14C54CBE1DE6349E008AB109 /* Main.storyboard */,
				14C54CC11DE6349E008AB109 /* Assets.xcassets */,
				14C54CC31DE6349F008AB109 /* LaunchScreen.storyboard */,
				14C54CC61DE6349F008AB109 /* Info.plist */,
				14C54CB51DE6349E008AB109 /* EveryDoAgain.xcdatamodeld */,
				14C54CAF1DE6349E008AB109 /* Supporting Files */,
			);
			path = EveryDoAgain;
			sourceTree = "<group>";
		};
		14C54CAF1DE6349E008AB109 /* Supporting Files */ = {
			isa = PBXGroup;
			children = (
				14C54CB01DE6349E008AB109 /* main.m */,
			);
			name = "Supporting Files";
			sourceTree = "<group>";
		};
/* End PBXGroup section */

/* Begin PBXNativeTarget section */
		14C54CAB1DE6349E008AB109 /* EveryDoAgain */ = {
			isa = PBXNativeTarget;
			buildConfigurationList = 14C54CC91DE6349F008AB109 /* Build configuration list for PBXNativeTarget "EveryDoAgain" */;
			buildPhases = (
				14C54CA81DE6349E008AB109 /* Sources */,
				14C54CA91DE6349E008AB109 /* Frameworks */,
				14C54CAA1DE6349E008AB109 /* Resources */,
			);
			buildRules = (
			);
			dependencies = (
			);
			name = EveryDoAgain;
			productName = EveryDoAgain;
			productReference = 14C54CAC1DE6349E008AB109 /* EveryDoAgain.app */;
			productType = "com.apple.product-type.application";
		};
/* End PBXNativeTarget section */

/* Begin PBXProject section */
		14C54CA41DE6349E008AB109 /* Project object */ = {
			isa = PBXProject;
			attributes = {
				LastUpgradeCheck = 0810;
				ORGANIZATIONNAME = suvanr;
				TargetAttributes = {
					14C54CAB1DE6349E008AB109 = {
						CreatedOnToolsVersion = 8.1;
						ProvisioningStyle = Automatic;
					};
				};
			};
			buildConfigurationList = 14C54CA71DE6349E008AB109 /* Build configuration list for PBXProject "EveryDoAgain" */;
			compatibilityVersion = "Xcode 3.2";
			developmentRegion = English;
			hasScannedForEncodings = 0;
			knownRegions = (
				en,
				Base,
			);
			mainGroup = 14C54CA31DE6349E008AB109;
			productRefGroup = 14C54CAD1DE6349E008AB109 /* Products */;
			projectDirPath = "";
			projectRoot = "";
			targets = (
				14C54CAB1DE6349E008AB109 /* EveryDoAgain */,
			);
		};
/* End PBXProject section */

/* Begin PBXResourcesBuildPhase section */
		14C54CAA1DE6349E008AB109 /* Resources */ = {
			isa = PBXResourcesBuildPhase;
			buildActionMask = 2147483647;
			files = (
				14C54CC51DE6349F008AB109 /* LaunchScreen.storyboard in Resources */,
				14C54CC21DE6349E008AB109 /* Assets.xcassets in Resources */,
				14C54CC01DE6349E008AB109 /* Main.storyboard in Resources */,
			);
			runOnlyForDeploymentPostprocessing = 0;
		};
/* End PBXResourcesBuildPhase section */

/* Begin PBXSourcesBuildPhase section */
		14C54CA81DE6349E008AB109 /* Sources */ = {
			isa = PBXSourcesBuildPhase;
			buildActionMask = 2147483647;
			files = (
				14C54CBD1DE6349E008AB109 /* DetailViewController.m in Sources */,
				14C54CBA1DE6349E008AB109 /* MasterViewController.m in Sources */,
				14C54CB71DE6349E008AB109 /* EveryDoAgain.xcdatamodeld in Sources */,
				14C54CB41DE6349E008AB109 /* AppDelegate.m in Sources */,
				14C54CB11DE6349E008AB109 /* main.m in Sources */,
			);
			runOnlyForDeploymentPostprocessing = 0;
		};
/* End PBXSourcesBuildPhase section */

/* Begin PBXVariantGroup section */
		14C54CBE1DE6349E008AB109 /* Main.storyboard */ = {
			isa = PBXVariantGroup;
			children = (
				14C54CBF1DE6349E008AB109 /* Base */,
			);
			name = Main.storyboard;
			sourceTree = "<group>";
		};
		14C54CC31DE6349F008AB109 /* LaunchScreen.storyboard */ = {
			isa = PBXVariantGroup;
			children = (
				14C54CC41DE6349F008AB109 /* Base */,
			);
			name = LaunchScreen.storyboard;
			sourceTree = "<group>";
		};
/* End PBXVariantGroup section */

/* Begin XCBuildConfiguration section */
		14C54CC71DE6349F008AB109 /* Debug */ = {
			isa = XCBuildConfiguration;
			buildSettings = {
				ALWAYS_SEARCH_USER_PATHS = NO;
				CLANG_ANALYZER_NONNULL = YES;
				CLANG_CXX_LANGUAGE_STANDARD = "gnu++0x";
				CLANG_CXX_LIBRARY = "libc++";
				CLANG_ENABLE_MODULES = YES;
				CLANG_ENABLE_OBJC_ARC = YES;
				CLANG_WARN_BOOL_CONVERSION = YES;
				CLANG_WARN_CONSTANT_CONVERSION = YES;
				CLANG_WARN_DIRECT_OBJC_ISA_USAGE = YES_ERROR;
				CLANG_WARN_DOCUMENTATION_COMMENTS = YES;
				CLANG_WARN_EMPTY_BODY = YES;
				CLANG_WARN_ENUM_CONVERSION = YES;
				CLANG_WARN_INFINITE_RECURSION = YES;
				CLANG_WARN_INT_CONVERSION = YES;
				CLANG_WARN_OBJC_ROOT_CLASS = YES_ERROR;
				CLANG_WARN_SUSPICIOUS_MOVES = YES;
				CLANG_WARN_UNREACHABLE_CODE = YES;
				CLANG_WARN__DUPLICATE_METHOD_MATCH = YES;
				"CODE_SIGN_IDENTITY[sdk=iphoneos*]" = "iPhone Developer";
				COPY_PHASE_STRIP = NO;
				DEBUG_INFORMATION_FORMAT = dwarf;
				ENABLE_STRICT_OBJC_MSGSEND = YES;
				ENABLE_TESTABILITY = YES;
				GCC_C_LANGUAGE_STANDARD = gnu99;
				GCC_DYNAMIC_NO_PIC = NO;
				GCC_NO_COMMON_BLOCKS = YES;
				GCC_OPTIMIZATION_LEVEL = 0;
				GCC_PREPROCESSOR_DEFINITIONS = (
					"DEBUG=1",
					"$(inherited)",
				);
				GCC_WARN_64_TO_32_BIT_CONVERSION = YES;
				GCC_WARN_ABOUT_RETURN_TYPE = YES_ERROR;
				GCC_WARN_UNDECLARED_SELECTOR = YES;
				GCC_WARN_UNINITIALIZED_AUTOS = YES_AGGRESSIVE;
				GCC_WARN_UNUSED_FUNCTION = YES;
				GCC_WARN_UNUSED_VARIABLE = YES;
				IPHONEOS_DEPLOYMENT_TARGET = 10.1;
				MTL_ENABLE_DEBUG_INFO = YES;
				ONLY_ACTIVE_ARCH = YES;
				SDKROOT = iphoneos;
				TARGETED_DEVICE_FAMILY = "1,2";
			};
			name = Debug;
		};
		14C54CC81DE6349F008AB109 /* Release */ = {
			isa = XCBuildConfiguration;
			buildSettings = {
				ALWAYS_SEARCH_USER_PATHS = NO;
				CLANG_ANALYZER_NONNULL = YES;
				CLANG_CXX_LANGUAGE_STANDARD = "gnu++0x";
				CLANG_CXX_LIBRARY = "libc++";
				CLANG_ENABLE_MODULES = YES;
				CLANG_ENABLE_OBJC_ARC = YES;
				CLANG_WARN_BOOL_CONVERSION = YES;
				CLANG_WARN_CONSTANT_CONVERSION = YES;
				CLANG_WARN_DIRECT_OBJC_ISA_USAGE = YES_ERROR;
				CLANG_WARN_DOCUMENTATION_COMMENTS = YES;
				CLANG_WARN_EMPTY_BODY = YES;
				CLANG_WARN_ENUM_CONVERSION = YES;
				CLANG_WARN_INFINITE_RECURSION = YES;
				CLANG_WARN_INT_CONVERSION = YES;
				CLANG_WARN_OBJC_ROOT_CLASS = YES_ERROR;
				CLANG_WARN_SUSPICIOUS_MOVES = YES;
				CLANG_WARN_UNREACHABLE_CODE = YES;
				CLANG_WARN__DUPLICATE_METHOD_MATCH = YES;
				"CODE_SIGN_IDENTITY[sdk=iphoneos*]" = "iPhone Developer";
				COPY_PHASE_STRIP = NO;
				DEBUG_INFORMATION_FORMAT = "dwarf-with-dsym";
				ENABLE_NS_ASSERTIONS = NO;
				ENABLE_STRICT_OBJC_MSGSEND = YES;
				GCC_C_LANGUAGE_STANDARD = gnu99;
				GCC_NO_COMMON_BLOCKS = YES;
				GCC_WARN_64_TO_32_BIT_CONVERSION = YES;
				GCC_WARN_ABOUT_RETURN_TYPE = YES_ERROR;
				GCC_WARN_UNDECLARED_SELECTOR = YES;
				GCC_WARN_UNINITIALIZED_AUTOS = YES_AGGRESSIVE;
				GCC_WARN_UNUSED_FUNCTION = YES;
				GCC_WARN_UNUSED_VARIABLE = YES;
				IPHONEOS_DEPLOYMENT_TARGET = 10.1;
				MTL_ENABLE_DEBUG_INFO = NO;
				SDKROOT = iphoneos;
				TARGETED_DEVICE_FAMILY = "1,2";
				VALIDATE_PRODUCT = YES;
			};
			name = Release;
		};
		14C54CCA1DE6349F008AB109 /* Debug */ = {
			isa = XCBuildConfiguration;
			buildSettings = {
				ASSETCATALOG_COMPILER_APPICON_NAME = AppIcon;
				INFOPLIST_FILE = EveryDoAgain/Info.plist;
				LD_RUNPATH_SEARCH_PATHS = "$(inherited) @executable_path/Frameworks";
				PRODUCT_BUNDLE_IDENTIFIER = com.suvanr.EveryDoAgain;
				PRODUCT_NAME = "$(TARGET_NAME)";
			};
			name = Debug;
		};
		14C54CCB1DE6349F008AB109 /* Release */ = {
			isa = XCBuildConfiguration;
			buildSettings = {
				ASSETCATALOG_COMPILER_APPICON_NAME = AppIcon;
				INFOPLIST_FILE = EveryDoAgain/Info.plist;
				LD_RUNPATH_SEARCH_PATHS = "$(inherited) @executable_path/Frameworks";
				PRODUCT_BUNDLE_IDENTIFIER = com.suvanr.EveryDoAgain;
				PRODUCT_NAME = "$(TARGET_NAME)";
			};
			name = Release;
		};
/* End XCBuildConfiguration section */

/* Begin XCConfigurationList section */
		14C54CA71DE6349E008AB109 /* Build configuration list for PBXProject "EveryDoAgain" */ = {
			isa = XCConfigurationList;
			buildConfigurations = (
				14C54CC71DE6349F008AB109 /* Debug */,
				14C54CC81DE6349F008AB109 /* Release */,
			);
			defaultConfigurationIsVisible = 0;
			defaultConfigurationName = Release;
		};
		14C54CC91DE6349F008AB109 /* Build configuration list for PBXNativeTarget "EveryDoAgain" */ = {
			isa = XCConfigurationList;
			buildConfigurations = (
				14C54CCA1DE6349F008AB109 /* Debug */,
				14C54CCB1DE6349F008AB109 /* Release */,
			);
			defaultConfigurationIsVisible = 0;
		};
/* End XCConfigurationList section */

/* Begin XCVersionGroup section */
		14C54CB51DE6349E008AB109 /* EveryDoAgain.xcdatamodeld */ = {
			isa = XCVersionGroup;
			children = (
				14C54CB61DE6349E008AB109 /* EveryDoAgain.xcdatamodel */,
			);
			currentVersion = 14C54CB61DE6349E008AB109 /* EveryDoAgain.xcdatamodel */;
			path = EveryDoAgain.xcdatamodeld;
			sourceTree = "<group>";
			versionGroupType = wrapper.xcdatamodel;
		};
/* End XCVersionGroup section */
	};
	rootObject = 14C54CA41DE6349E008AB109 /* Project object */;
}
